# THIS IS AN AUTOGENERATED FILE. DO NOT EDIT THIS FILE DIRECTLY.
# yarn lockfile v1


ami-io@^1.2.1:
  version "1.2.1"
  resolved "https://registry.yarnpkg.com/ami-io/-/ami-io-1.2.1.tgz#9d177961f61b9f0222283b63b1db527dbcd5b1e0"
  integrity sha512-aBXo6FPB+6qwJkpeRp+6/ulxhvYlzf9++d9XyJNjz06Ipk9hP4f+PchqYVbAMBh4e3HI+ivIvKv98IliEqy7jA==
